
Microsoft Visual Studio Solution File, Format Version 11.00
# Visual Basic Express 2010
Project("{F184B08F-C81C-45F6-A57F-5ABD9991F28F}") = "Chess by Luca (1.2)", "Chess by Luca (1.2)\Chess by Luca (1.2).vbproj", "{5433B5FA-BED8-40D0-81E5-B20B9B231D6D}"
EndProject
Global
	GlobalSection(SolutionConfigurationPlatforms) = preSolution
		Debug|x86 = Debug|x86
		Release|x86 = Release|x86
	EndGlobalSection
	GlobalSection(ProjectConfigurationPlatforms) = postSolution
		{5433B5FA-BED8-40D0-81E5-B20B9B231D6D}.Debug|x86.ActiveCfg = Debug|x86
		{5433B5FA-BED8-40D0-81E5-B20B9B231D6D}.Debug|x86.Build.0 = Debug|x86
		{5433B5FA-BED8-40D0-81E5-B20B9B231D6D}.Release|x86.ActiveCfg = Release|x86
		{5433B5FA-BED8-40D0-81E5-B20B9B231D6D}.Release|x86.Build.0 = Release|x86
	EndGlobalSection
	GlobalSection(SolutionProperties) = preSolution
		HideSolutionNode = FALSE
	EndGlobalSection
EndGlobal
